
Microsoft Visual Studio Solution File, Format Version 12.00
# Visual Studio 2013
VisualStudioVersion = 12.0.21005.1
MinimumVisualStudioVersion = 10.0.40219.1
Project("{FAE04EC0-301F-11D3-BF4B-00C04F79EFBC}") = "CNFifyTests", "Tests\CNFifyTests.csproj", "{4BED612C-628B-4A07-8D9D-5583254CC411}"
EndProject
Project("{F2A71F9B-5D33-465A-A702-920D77279786}") = "CNFify", "CNFify\CNFify.fsproj", "{517BD6C8-B348-45DE-B0F4-31331C10A6B9}"
EndProject
Project("{FAE04EC0-301F-11D3-BF4B-00C04F79EFBC}") = "SatGenerator", "MinisatGenerator\SatGenerator.csproj", "{1F146BC1-4A1D-4F36-939C-753CF0B14CE2}"
EndProject
Global
	GlobalSection(SolutionConfigurationPlatforms) = preSolution
		Debug|Any CPU = Debug|Any CPU
		Release|Any CPU = Release|Any CPU
	EndGlobalSection
	GlobalSection(ProjectConfigurationPlatforms) = postSolution
		{4BED612C-628B-4A07-8D9D-5583254CC411}.Debug|Any CPU.ActiveCfg = Debug|Any CPU
		{4BED612C-628B-4A07-8D9D-5583254CC411}.Debug|Any CPU.Build.0 = Debug|Any CPU
		{4BED612C-628B-4A07-8D9D-5583254CC411}.Release|Any CPU.ActiveCfg = Release|Any CPU
		{4BED612C-628B-4A07-8D9D-5583254CC411}.Release|Any CPU.Build.0 = Release|Any CPU
		{517BD6C8-B348-45DE-B0F4-31331C10A6B9}.Debug|Any CPU.ActiveCfg = Debug|Any CPU
		{517BD6C8-B348-45DE-B0F4-31331C10A6B9}.Debug|Any CPU.Build.0 = Debug|Any CPU
		{517BD6C8-B348-45DE-B0F4-31331C10A6B9}.Release|Any CPU.ActiveCfg = Release|Any CPU
		{517BD6C8-B348-45DE-B0F4-31331C10A6B9}.Release|Any CPU.Build.0 = Release|Any CPU
		{1F146BC1-4A1D-4F36-939C-753CF0B14CE2}.Debug|Any CPU.ActiveCfg = Debug|Any CPU
		{1F146BC1-4A1D-4F36-939C-753CF0B14CE2}.Debug|Any CPU.Build.0 = Debug|Any CPU
		{1F146BC1-4A1D-4F36-939C-753CF0B14CE2}.Release|Any CPU.ActiveCfg = Release|Any CPU
		{1F146BC1-4A1D-4F36-939C-753CF0B14CE2}.Release|Any CPU.Build.0 = Release|Any CPU
	EndGlobalSection
	GlobalSection(SolutionProperties) = preSolution
		HideSolutionNode = FALSE
	EndGlobalSection
EndGlobal
